
Microsoft Visual Studio Solution File, Format Version 12.00
# Visual Studio Version 17
VisualStudioVersion = 17.10.35013.160
MinimumVisualStudioVersion = 10.0.40219.1
Project("{FAE04EC0-301F-11D3-BF4B-00C04F79EFBC}") = "async", "assync\async.csproj", "{C3135144-369E-471E-B162-E84153C0DB48}"
EndProject
Global
	GlobalSection(SolutionConfigurationPlatforms) = preSolution
		Debug|Any CPU = Debug|Any CPU
		Release|Any CPU = Release|Any CPU
	EndGlobalSection
	GlobalSection(ProjectConfigurationPlatforms) = postSolution
		{C3135144-369E-471E-B162-E84153C0DB48}.Debug|Any CPU.ActiveCfg = Debug|Any CPU
		{C3135144-369E-471E-B162-E84153C0DB48}.Debug|Any CPU.Build.0 = Debug|Any CPU
		{C3135144-369E-471E-B162-E84153C0DB48}.Release|Any CPU.ActiveCfg = Release|Any CPU
		{C3135144-369E-471E-B162-E84153C0DB48}.Release|Any CPU.Build.0 = Release|Any CPU
	EndGlobalSection
	GlobalSection(SolutionProperties) = preSolution
		HideSolutionNode = FALSE
	EndGlobalSection
	GlobalSection(ExtensibilityGlobals) = postSolution
		SolutionGuid = {C3059FBF-F8B9-4174-89D5-60E04BF00C06}
	EndGlobalSection
EndGlobal
